
Microsoft Visual Studio Solution File, Format Version 12.00
# Visual Studio Version 17
VisualStudioVersion = 17.5.002.0
MinimumVisualStudioVersion = 10.0.40219.1
Project("{2150E333-8FDC-42A3-9474-1A3956D46DE8}") = "Test", "Test", "{626515A7-1E55-47A2-A67B-0D7F3CBFFDF6}"
EndProject
Project("{9A19103F-16F7-4668-BE54-9A1E7A4F7556}") = "Chirp.CLI.Tests", "Test\Chirp.CLI.Tests\Chirp.CLI.Tests.csproj", "{6A25B5AD-1403-4451-993D-BB2F595FAEAC}"
EndProject
Project("{9A19103F-16F7-4668-BE54-9A1E7A4F7556}") = "Chirp.CSVDBService.tests", "Test\Chirp.CSVDBService.tests\Chirp.CSVDBService.tests.csproj", "{6DE3F6EC-76FB-40FD-9407-85BF60A3879C}"
EndProject
Project("{9A19103F-16F7-4668-BE54-9A1E7A4F7556}") = "Chirp.SimpleDB.tests", "Test\Chirp.SimpleDB.tests\Chirp.SimpleDB.tests.csproj", "{299960F9-4A20-4CD4-A893-BBB2F37BDCA6}"
EndProject
Project("{2150E333-8FDC-42A3-9474-1A3956D46DE8}") = "src", "src", "{4D6B7DE4-28B4-4824-8EC1-085B49CEB8F9}"
EndProject
Project("{9A19103F-16F7-4668-BE54-9A1E7A4F7556}") = "Chirp.CLI", "src\Chirp.CLI\Chirp.CLI.csproj", "{D821B500-E629-486C-A038-EA88C7996A28}"
EndProject
Project("{9A19103F-16F7-4668-BE54-9A1E7A4F7556}") = "Chirp.Razor", "src\Chirp.Razor\Chirp.Razor.csproj", "{5427A24B-B8FD-44AD-BB01-8860BB56FF06}"
EndProject
Project("{9A19103F-16F7-4668-BE54-9A1E7A4F7556}") = "Chirp.CSVDBService", "src\Chirp.CSVDBService\Chirp.CSVDBService.csproj", "{3EF03AD2-6763-4B6F-A4E9-DA112460E317}"
EndProject
Project("{9A19103F-16F7-4668-BE54-9A1E7A4F7556}") = "SimpleDB", "src\SimpleDB\SimpleDB.csproj", "{DA826601-F2A2-4880-AFB2-DD0F22EF4B99}"
EndProject
Project("{FAE04EC0-301F-11D3-BF4B-00C04F79EFBC}") = "Chirp.SQLite", "src\Chirp.SQLite\Chirp.SQLite.csproj", "{A2474790-21A0-4BEA-9BA6-36276F4401C6}"
EndProject
Project("{FAE04EC0-301F-11D3-BF4B-00C04F79EFBC}") = "Chirp.Razor.Tests", "Test\Chirp.Razor.Tests\Chirp.Razor.Tests.csproj", "{69BD49F3-D6B4-40BB-8A10-76F8FEF0C710}"
EndProject
Global
	GlobalSection(SolutionConfigurationPlatforms) = preSolution
		Debug|Any CPU = Debug|Any CPU
		Release|Any CPU = Release|Any CPU
	EndGlobalSection
	GlobalSection(ProjectConfigurationPlatforms) = postSolution
		{6A25B5AD-1403-4451-993D-BB2F595FAEAC}.Debug|Any CPU.ActiveCfg = Debug|Any CPU
		{6A25B5AD-1403-4451-993D-BB2F595FAEAC}.Debug|Any CPU.Build.0 = Debug|Any CPU
		{6A25B5AD-1403-4451-993D-BB2F595FAEAC}.Release|Any CPU.ActiveCfg = Release|Any CPU
		{6A25B5AD-1403-4451-993D-BB2F595FAEAC}.Release|Any CPU.Build.0 = Release|Any CPU
		{6DE3F6EC-76FB-40FD-9407-85BF60A3879C}.Debug|Any CPU.ActiveCfg = Debug|Any CPU
		{6DE3F6EC-76FB-40FD-9407-85BF60A3879C}.Debug|Any CPU.Build.0 = Debug|Any CPU
		{6DE3F6EC-76FB-40FD-9407-85BF60A3879C}.Release|Any CPU.ActiveCfg = Release|Any CPU
		{6DE3F6EC-76FB-40FD-9407-85BF60A3879C}.Release|Any CPU.Build.0 = Release|Any CPU
		{299960F9-4A20-4CD4-A893-BBB2F37BDCA6}.Debug|Any CPU.ActiveCfg = Debug|Any CPU
		{299960F9-4A20-4CD4-A893-BBB2F37BDCA6}.Debug|Any CPU.Build.0 = Debug|Any CPU
		{299960F9-4A20-4CD4-A893-BBB2F37BDCA6}.Release|Any CPU.ActiveCfg = Release|Any CPU
		{299960F9-4A20-4CD4-A893-BBB2F37BDCA6}.Release|Any CPU.Build.0 = Release|Any CPU
		{D821B500-E629-486C-A038-EA88C7996A28}.Debug|Any CPU.ActiveCfg = Debug|Any CPU
		{D821B500-E629-486C-A038-EA88C7996A28}.Debug|Any CPU.Build.0 = Debug|Any CPU
		{D821B500-E629-486C-A038-EA88C7996A28}.Release|Any CPU.ActiveCfg = Release|Any CPU
		{D821B500-E629-486C-A038-EA88C7996A28}.Release|Any CPU.Build.0 = Release|Any CPU
		{5427A24B-B8FD-44AD-BB01-8860BB56FF06}.Debug|Any CPU.ActiveCfg = Debug|Any CPU
		{5427A24B-B8FD-44AD-BB01-8860BB56FF06}.Debug|Any CPU.Build.0 = Debug|Any CPU
		{5427A24B-B8FD-44AD-BB01-8860BB56FF06}.Release|Any CPU.ActiveCfg = Release|Any CPU
		{5427A24B-B8FD-44AD-BB01-8860BB56FF06}.Release|Any CPU.Build.0 = Release|Any CPU
		{3EF03AD2-6763-4B6F-A4E9-DA112460E317}.Debug|Any CPU.ActiveCfg = Debug|Any CPU
		{3EF03AD2-6763-4B6F-A4E9-DA112460E317}.Debug|Any CPU.Build.0 = Debug|Any CPU
		{3EF03AD2-6763-4B6F-A4E9-DA112460E317}.Release|Any CPU.ActiveCfg = Release|Any CPU
		{3EF03AD2-6763-4B6F-A4E9-DA112460E317}.Release|Any CPU.Build.0 = Release|Any CPU
		{DA826601-F2A2-4880-AFB2-DD0F22EF4B99}.Debug|Any CPU.ActiveCfg = Debug|Any CPU
		{DA826601-F2A2-4880-AFB2-DD0F22EF4B99}.Debug|Any CPU.Build.0 = Debug|Any CPU
		{DA826601-F2A2-4880-AFB2-DD0F22EF4B99}.Release|Any CPU.ActiveCfg = Release|Any CPU
		{DA826601-F2A2-4880-AFB2-DD0F22EF4B99}.Release|Any CPU.Build.0 = Release|Any CPU
		{A2474790-21A0-4BEA-9BA6-36276F4401C6}.Debug|Any CPU.ActiveCfg = Debug|Any CPU
		{A2474790-21A0-4BEA-9BA6-36276F4401C6}.Debug|Any CPU.Build.0 = Debug|Any CPU
		{A2474790-21A0-4BEA-9BA6-36276F4401C6}.Release|Any CPU.ActiveCfg = Release|Any CPU
		{A2474790-21A0-4BEA-9BA6-36276F4401C6}.Release|Any CPU.Build.0 = Release|Any CPU
		{69BD49F3-D6B4-40BB-8A10-76F8FEF0C710}.Debug|Any CPU.ActiveCfg = Debug|Any CPU
		{69BD49F3-D6B4-40BB-8A10-76F8FEF0C710}.Debug|Any CPU.Build.0 = Debug|Any CPU
		{69BD49F3-D6B4-40BB-8A10-76F8FEF0C710}.Release|Any CPU.ActiveCfg = Release|Any CPU
		{69BD49F3-D6B4-40BB-8A10-76F8FEF0C710}.Release|Any CPU.Build.0 = Release|Any CPU
	EndGlobalSection
	GlobalSection(SolutionProperties) = preSolution
		HideSolutionNode = FALSE
	EndGlobalSection
	GlobalSection(NestedProjects) = preSolution
		{6A25B5AD-1403-4451-993D-BB2F595FAEAC} = {626515A7-1E55-47A2-A67B-0D7F3CBFFDF6}
		{6DE3F6EC-76FB-40FD-9407-85BF60A3879C} = {626515A7-1E55-47A2-A67B-0D7F3CBFFDF6}
		{299960F9-4A20-4CD4-A893-BBB2F37BDCA6} = {626515A7-1E55-47A2-A67B-0D7F3CBFFDF6}
		{D821B500-E629-486C-A038-EA88C7996A28} = {4D6B7DE4-28B4-4824-8EC1-085B49CEB8F9}
		{5427A24B-B8FD-44AD-BB01-8860BB56FF06} = {4D6B7DE4-28B4-4824-8EC1-085B49CEB8F9}
		{3EF03AD2-6763-4B6F-A4E9-DA112460E317} = {4D6B7DE4-28B4-4824-8EC1-085B49CEB8F9}
		{DA826601-F2A2-4880-AFB2-DD0F22EF4B99} = {4D6B7DE4-28B4-4824-8EC1-085B49CEB8F9}
		{A2474790-21A0-4BEA-9BA6-36276F4401C6} = {4D6B7DE4-28B4-4824-8EC1-085B49CEB8F9}
		{69BD49F3-D6B4-40BB-8A10-76F8FEF0C710} = {626515A7-1E55-47A2-A67B-0D7F3CBFFDF6}
	EndGlobalSection
	GlobalSection(ExtensibilityGlobals) = postSolution
		SolutionGuid = {6244B08D-7579-435A-B577-FB6D4A998F79}
	EndGlobalSection
EndGlobal
