
Microsoft Visual Studio Solution File, Format Version 12.00
# Visual Studio Version 17
VisualStudioVersion = 17.0.31903.59
MinimumVisualStudioVersion = 10.0.40219.1
Project("{2150E333-8FDC-42A3-9474-1A3956D46DE8}") = "src", "src", "{4FD70A44-1C36-4549-B625-7DA88468570E}"
EndProject
Project("{FAE04EC0-301F-11D3-BF4B-00C04F79EFBC}") = "Chirp.Razor", "src\Chirp.Razor\Chirp.Razor.csproj", "{22990C55-6E63-4A76-9682-A9097A262B89}"
EndProject
Project("{FAE04EC0-301F-11D3-BF4B-00C04F79EFBC}") = "Chirp.SQLite", "src\Chirp.SQLite\Chirp.SQLite.csproj", "{F3A0526F-7F3C-4D51-AAD0-1FBBFDF73CB7}"
EndProject
Global
	GlobalSection(SolutionConfigurationPlatforms) = preSolution
		Debug|Any CPU = Debug|Any CPU
		Release|Any CPU = Release|Any CPU
	EndGlobalSection
	GlobalSection(SolutionProperties) = preSolution
		HideSolutionNode = FALSE
	EndGlobalSection
	GlobalSection(ProjectConfigurationPlatforms) = postSolution
		{22990C55-6E63-4A76-9682-A9097A262B89}.Debug|Any CPU.ActiveCfg = Debug|Any CPU
		{22990C55-6E63-4A76-9682-A9097A262B89}.Debug|Any CPU.Build.0 = Debug|Any CPU
		{22990C55-6E63-4A76-9682-A9097A262B89}.Release|Any CPU.ActiveCfg = Release|Any CPU
		{22990C55-6E63-4A76-9682-A9097A262B89}.Release|Any CPU.Build.0 = Release|Any CPU
		{F3A0526F-7F3C-4D51-AAD0-1FBBFDF73CB7}.Debug|Any CPU.ActiveCfg = Debug|Any CPU
		{F3A0526F-7F3C-4D51-AAD0-1FBBFDF73CB7}.Debug|Any CPU.Build.0 = Debug|Any CPU
		{F3A0526F-7F3C-4D51-AAD0-1FBBFDF73CB7}.Release|Any CPU.ActiveCfg = Release|Any CPU
		{F3A0526F-7F3C-4D51-AAD0-1FBBFDF73CB7}.Release|Any CPU.Build.0 = Release|Any CPU
	EndGlobalSection
	GlobalSection(NestedProjects) = preSolution
		{22990C55-6E63-4A76-9682-A9097A262B89} = {4FD70A44-1C36-4549-B625-7DA88468570E}
		{F3A0526F-7F3C-4D51-AAD0-1FBBFDF73CB7} = {4FD70A44-1C36-4549-B625-7DA88468570E}
	EndGlobalSection
EndGlobal
